{
  "name": "react-native-gifted-form",
  "version": "0.1.1",
  "lockfileVersion": 1,
  "requires": true,
  "dependencies": {
    "@types/react": {
      "version": "16.4.6",
      "resolved": "https://registry.npmjs.org/@types/react/-/react-16.4.6.tgz",
      "integrity": "sha512-9LDZdhsuKSc+DjY65SjBkA958oBWcTWSVWAd2cD9XqKBjhGw1KzAkRhWRw2eIsXvaIE/TOTjjKMFVC+JA1iU4g==",
      "requires": {
        "csstype": "2.5.5"
      }
    },
    "@types/react-native": {
      "version": "0.56.3",
      "resolved": "https://registry.npmjs.org/@types/react-native/-/react-native-0.56.3.tgz",
      "integrity": "sha512-3nKcfZZt3eJvTVrFjZBBBkaqf2v123E7/URpeHTSX/z7mXJAcOEj4WgUbxAMRuGruZWImxy+Y4R76PBBygDYEA==",
      "requires": {
        "@types/react": "16.4.6"
      }
    },
    "csstype": {
      "version": "2.5.5",
      "resolved": "https://registry.npmjs.org/csstype/-/csstype-2.5.5.tgz",
      "integrity": "sha512-EGMjeoiN3aqEX5u/cyH5mSdGBDGdLcCQvcEcBWNGFSPXKd9uOTIeVG91YQ22OxI44DKpvI+4C7VUSmEpsHWJaA=="
    },
    "react-native-masked-text": {
      "version": "1.7.2",
      "resolved": "https://registry.npmjs.org/react-native-masked-text/-/react-native-masked-text-1.7.2.tgz",
      "integrity": "sha512-jJXGTC4cMSFo6XcUhXXTwBSnUpeYBv6QOXaRuR1hZtVrQKF2BC2ji29UmIXXeiDBcxo/nwoK0rgV1RiE45eEwA==",
      "requires": {
        "@types/react": "16.4.6",
        "@types/react-native": "0.56.3",
        "moment": "2.19.3",
        "tinymask": "1.0.2"
      },
      "dependencies": {
        "moment": {
          "version": "2.19.3",
          "resolved": "https://registry.npmjs.org/moment/-/moment-2.19.3.tgz",
          "integrity": "sha1-vbmdJw1tf9p4zA+6zoVeJ/59pp8="
        }
      }
    },
    "tinymask": {
      "version": "1.0.2",
      "resolved": "https://registry.npmjs.org/tinymask/-/tinymask-1.0.2.tgz",
      "integrity": "sha1-3zd1qUCHsNPQVsJW6JI8AbfsCUE="
    }
  }
}
